<?xml version="1.0" encoding="utf-8"?>
<Project ToolsVersion="4.0" xmlns="http://schemas.microsoft.com/developer/msbuild/2003">
  <ItemGroup>
    <Filter Include="Source Files">
      <UniqueIdentifier>{67cb4b53-2900-42dd-8119-4b4ccb9d2ea6}</UniqueIdentifier>
    </Filter>
    <Filter Include="Header Files">
      <UniqueIdentifier>{028c93f9-8540-4beb-aa42-f696fd3dfd9c}</UniqueIdentifier>
    </Filter>
    <Filter Include="Header Files\AI Objects">
      <UniqueIdentifier>{e9cfaa94-6943-4813-90b1-e848275e9ddc}</UniqueIdentifier>
    </Filter>
    <Filter Include="Source Files\AI Object">
      <UniqueIdentifier>{6bcd74d4-416c-4269-accd-61643d13cbcd}</UniqueIdentifier>
    </Filter>
    <Filter Include="Source Files\Agents">
      <UniqueIdentifier>{671094f8-aadd-4485-89e6-67f3e5081609}</UniqueIdentifier>
    </Filter>
    <Filter Include="Header Files\Agents">
      <UniqueIdentifier>{7715ae0c-1b24-47df-bac7-104b30723155}</UniqueIdentifier>
    </Filter>
    <Filter Include="Header Files\Behaviours">
      <UniqueIdentifier>{ec893a05-7617-4be5-a9c6-c5af106e38a1}</UniqueIdentifier>
    </Filter>
    <Filter Include="Source Files\Behaviours">
      <UniqueIdentifier>{a10541a2-0c89-4b99-9b60-686ac9da3a8f}</UniqueIdentifier>
    </Filter>
    <Filter Include="Header Files\Entities">
      <UniqueIdentifier>{ff50b1ee-5eff-4a14-841c-99852a1b6a89}</UniqueIdentifier>
    </Filter>
    <Filter Include="Source Files\Entities">
      <UniqueIdentifier>{c73ace32-538e-4c2e-9e70-4375238fe872}</UniqueIdentifier>
    </Filter>
  </ItemGroup>
  <ItemGroup>
    <ClCompile Include="main.cpp">
      <Filter>Source Files</Filter>
    </ClCompile>
    <ClCompile Include="PathFinding.cpp">
      <Filter>Source Files\AI Object</Filter>
    </ClCompile>
    <ClCompile Include="Edge.cpp">
      <Filter>Source Files\AI Object</Filter>
    </ClCompile>
    <ClCompile Include="GridMap.cpp">
      <Filter>Source Files\AI Object</Filter>
    </ClCompile>
    <ClCompile Include="Node.cpp">
      <Filter>Source Files\AI Object</Filter>
    </ClCompile>
    <ClCompile Include="Agent.cpp">
      <Filter>Source Files\Agents</Filter>
    </ClCompile>
    <ClCompile Include="AgentPrey.cpp">
      <Filter>Source Files\Agents</Filter>
    </ClCompile>
    <ClCompile Include="AgentPredator.cpp">
      <Filter>Source Files\Agents</Filter>
    </ClCompile>
    <ClCompile Include="EntityObstacle.cpp">
      <Filter>Source Files\Entities</Filter>
    </ClCompile>
    <ClCompile Include="EntitySprite.cpp">
      <Filter>Source Files\Entities</Filter>
    </ClCompile>
    <ClCompile Include="EntityObject.cpp">
      <Filter>Source Files\Entities</Filter>
    </ClCompile>
  </ItemGroup>
  <ItemGroup>
    <ClInclude Include="resource.h" />
    <ClInclude Include="CustomColours.h">
      <Filter>Header Files</Filter>
    </ClInclude>
    <ClInclude Include="PathFinding.h">
      <Filter>Header Files\AI Objects</Filter>
    </ClInclude>
    <ClInclude Include="Edge.h">
      <Filter>Header Files\AI Objects</Filter>
    </ClInclude>
    <ClInclude Include="GridMap.h">
      <Filter>Header Files\AI Objects</Filter>
    </ClInclude>
    <ClInclude Include="Node.h">
      <Filter>Header Files\AI Objects</Filter>
    </ClInclude>
    <ClInclude Include="Agent.h">
      <Filter>Header Files\Agents</Filter>
    </ClInclude>
    <ClInclude Include="AgentPredator.h">
      <Filter>Header Files\Agents</Filter>
    </ClInclude>
    <ClInclude Include="AgentPrey.h">
      <Filter>Header Files\Agents</Filter>
    </ClInclude>
    <ClInclude Include="EntityObject.h">
      <Filter>Header Files\Entities</Filter>
    </ClInclude>
    <ClInclude Include="EntitySprite.h">
      <Filter>Header Files\Entities</Filter>
    </ClInclude>
    <ClInclude Include="EntityObstacle.h">
      <Filter>Header Files\Entities</Filter>
    </ClInclude>
  </ItemGroup>
  <ItemGroup>
    <ResourceCompile Include="ProjectName.rc" />
  </ItemGroup>
</Project>